// !$*UTF8*$!
{
	archiveVersion = 1;
	classes = {
	};
	objectVersion = 46;
	objects = {

/* Begin PBXBuildFile section */
		8E3F8F6B1B23488F0096E9EC /* AppDelegate.swift in Sources */ = {isa = PBXBuildFile; fileRef = 8E3F8F6A1B23488F0096E9EC /* AppDelegate.swift */; };
		8E3F8F701B23488F0096E9EC /* MainMenu.xib in Resources */ = {isa = PBXBuildFile; fileRef = 8E3F8F6E1B23488F0096E9EC /* MainMenu.xib */; };
		8E3F8F891B2348E30096E9EC /* Images.xcassets in Resources */ = {isa = PBXBuildFile; fileRef = 8E3F8F881B2348E30096E9EC /* Images.xcassets */; };
		8E3F8F8D1B236A5C0096E9EC /* MainWindowController.swift in Sources */ = {isa = PBXBuildFile; fileRef = 8E3F8F8B1B236A5C0096E9EC /* MainWindowController.swift */; };
		8E3F8F8E1B236A5C0096E9EC /* MainWindow.xib in Resources */ = {isa = PBXBuildFile; fileRef = 8E3F8F8C1B236A5C0096E9EC /* MainWindow.xib */; };
		8E3F8F911B2374300096E9EC /* AppIconViewController.swift in Sources */ = {isa = PBXBuildFile; fileRef = 8E3F8F8F1B2374300096E9EC /* AppIconViewController.swift */; };
		8E3F8F921B2374300096E9EC /* AppIconView.xib in Resources */ = {isa = PBXBuildFile; fileRef = 8E3F8F901B2374300096E9EC /* AppIconView.xib */; };
		8E3F8F951B23744E0096E9EC /* LaunchImageViewController.swift in Sources */ = {isa = PBXBuildFile; fileRef = 8E3F8F931B23744E0096E9EC /* LaunchImageViewController.swift */; };
		8E3F8F961B23744E0096E9EC /* LaunchImageView.xib in Resources */ = {isa = PBXBuildFile; fileRef = 8E3F8F941B23744E0096E9EC /* LaunchImageView.xib */; };
		8E3F8F991B23746E0096E9EC /* ImageSetViewController.swift in Sources */ = {isa = PBXBuildFile; fileRef = 8E3F8F971B23746E0096E9EC /* ImageSetViewController.swift */; };
		8E3F8F9A1B23746E0096E9EC /* ImageSetView.xib in Resources */ = {isa = PBXBuildFile; fileRef = 8E3F8F981B23746E0096E9EC /* ImageSetView.xib */; };
		8E3F8F9C1B239D140096E9EC /* AppIcon.swift in Sources */ = {isa = PBXBuildFile; fileRef = 8E3F8F9B1B239D140096E9EC /* AppIcon.swift */; };
/* End PBXBuildFile section */

/* Begin PBXFileReference section */
		8E3F8F651B23488F0096E9EC /* Iconizer.app */ = {isa = PBXFileReference; explicitFileType = wrapper.application; includeInIndex = 0; path = Iconizer.app; sourceTree = BUILT_PRODUCTS_DIR; };
		8E3F8F691B23488F0096E9EC /* Info.plist */ = {isa = PBXFileReference; lastKnownFileType = text.plist.xml; path = Info.plist; sourceTree = "<group>"; };
		8E3F8F6A1B23488F0096E9EC /* AppDelegate.swift */ = {isa = PBXFileReference; lastKnownFileType = sourcecode.swift; path = AppDelegate.swift; sourceTree = "<group>"; };
		8E3F8F6F1B23488F0096E9EC /* Base */ = {isa = PBXFileReference; lastKnownFileType = file.xib; name = Base; path = Base.lproj/MainMenu.xib; sourceTree = "<group>"; };
		8E3F8F881B2348E30096E9EC /* Images.xcassets */ = {isa = PBXFileReference; lastKnownFileType = folder.assetcatalog; path = Images.xcassets; sourceTree = "<group>"; };
		8E3F8F8A1B2349090096E9EC /* Iconizer.entitlements */ = {isa = PBXFileReference; lastKnownFileType = text.xml; path = Iconizer.entitlements; sourceTree = "<group>"; };
		8E3F8F8B1B236A5C0096E9EC /* MainWindowController.swift */ = {isa = PBXFileReference; fileEncoding = 4; lastKnownFileType = sourcecode.swift; path = MainWindowController.swift; sourceTree = "<group>"; };
		8E3F8F8C1B236A5C0096E9EC /* MainWindow.xib */ = {isa = PBXFileReference; fileEncoding = 4; lastKnownFileType = file.xib; path = MainWindow.xib; sourceTree = "<group>"; };
		8E3F8F8F1B2374300096E9EC /* AppIconViewController.swift */ = {isa = PBXFileReference; fileEncoding = 4; lastKnownFileType = sourcecode.swift; path = AppIconViewController.swift; sourceTree = "<group>"; };
		8E3F8F901B2374300096E9EC /* AppIconView.xib */ = {isa = PBXFileReference; fileEncoding = 4; lastKnownFileType = file.xib; path = AppIconView.xib; sourceTree = "<group>"; };
		8E3F8F931B23744E0096E9EC /* LaunchImageViewController.swift */ = {isa = PBXFileReference; fileEncoding = 4; lastKnownFileType = sourcecode.swift; path = LaunchImageViewController.swift; sourceTree = "<group>"; };
		8E3F8F941B23744E0096E9EC /* LaunchImageView.xib */ = {isa = PBXFileReference; fileEncoding = 4; lastKnownFileType = file.xib; path = LaunchImageView.xib; sourceTree = "<group>"; };
		8E3F8F971B23746E0096E9EC /* ImageSetViewController.swift */ = {isa = PBXFileReference; fileEncoding = 4; lastKnownFileType = sourcecode.swift; path = ImageSetViewController.swift; sourceTree = "<group>"; };
		8E3F8F981B23746E0096E9EC /* ImageSetView.xib */ = {isa = PBXFileReference; fileEncoding = 4; lastKnownFileType = file.xib; path = ImageSetView.xib; sourceTree = "<group>"; };
		8E3F8F9B1B239D140096E9EC /* AppIcon.swift */ = {isa = PBXFileReference; fileEncoding = 4; lastKnownFileType = sourcecode.swift; path = AppIcon.swift; sourceTree = "<group>"; };
/* End PBXFileReference section */

/* Begin PBXFrameworksBuildPhase section */
		8E3F8F621B23488F0096E9EC /* Frameworks */ = {
			isa = PBXFrameworksBuildPhase;
			buildActionMask = 2147483647;
			files = (
			);
			runOnlyForDeploymentPostprocessing = 0;
		};
/* End PBXFrameworksBuildPhase section */

/* Begin PBXGroup section */
		8E3F8F5C1B23488F0096E9EC = {
			isa = PBXGroup;
			children = (
				8E3F8F671B23488F0096E9EC /* Iconizer */,
				8E3F8F661B23488F0096E9EC /* Products */,
			);
			sourceTree = "<group>";
		};
		8E3F8F661B23488F0096E9EC /* Products */ = {
			isa = PBXGroup;
			children = (
				8E3F8F651B23488F0096E9EC /* Iconizer.app */,
			);
			name = Products;
			sourceTree = "<group>";
		};
		8E3F8F671B23488F0096E9EC /* Iconizer */ = {
			isa = PBXGroup;
			children = (
				8E3F8F6A1B23488F0096E9EC /* AppDelegate.swift */,
				8E3F8F861B2348A10096E9EC /* Controller */,
				8E3F8F871B2348A80096E9EC /* Model */,
				8E3F8F851B2348980096E9EC /* View */,
				8E3F8F681B23488F0096E9EC /* Supporting Files */,
			);
			path = Iconizer;
			sourceTree = "<group>";
		};
		8E3F8F681B23488F0096E9EC /* Supporting Files */ = {
			isa = PBXGroup;
			children = (
				8E3F8F881B2348E30096E9EC /* Images.xcassets */,
				8E3F8F8A1B2349090096E9EC /* Iconizer.entitlements */,
				8E3F8F691B23488F0096E9EC /* Info.plist */,
			);
			name = "Supporting Files";
			sourceTree = "<group>";
		};
		8E3F8F851B2348980096E9EC /* View */ = {
			isa = PBXGroup;
			children = (
				8E3F8F6E1B23488F0096E9EC /* MainMenu.xib */,
				8E3F8F8C1B236A5C0096E9EC /* MainWindow.xib */,
				8E3F8F901B2374300096E9EC /* AppIconView.xib */,
				8E3F8F941B23744E0096E9EC /* LaunchImageView.xib */,
				8E3F8F981B23746E0096E9EC /* ImageSetView.xib */,
			);
			name = View;
			sourceTree = "<group>";
		};
		8E3F8F861B2348A10096E9EC /* Controller */ = {
			isa = PBXGroup;
			children = (
				8E3F8F8B1B236A5C0096E9EC /* MainWindowController.swift */,
				8E3F8F8F1B2374300096E9EC /* AppIconViewController.swift */,
				8E3F8F931B23744E0096E9EC /* LaunchImageViewController.swift */,
				8E3F8F971B23746E0096E9EC /* ImageSetViewController.swift */,
			);
			name = Controller;
			sourceTree = "<group>";
		};
		8E3F8F871B2348A80096E9EC /* Model */ = {
			isa = PBXGroup;
			children = (
				8E3F8F9B1B239D140096E9EC /* AppIcon.swift */,
			);
			name = Model;
			sourceTree = "<group>";
		};
/* End PBXGroup section */

/* Begin PBXNativeTarget section */
		8E3F8F641B23488F0096E9EC /* Iconizer */ = {
			isa = PBXNativeTarget;
			buildConfigurationList = 8E3F8F7F1B23488F0096E9EC /* Build configuration list for PBXNativeTarget "Iconizer" */;
			buildPhases = (
				8E3F8F611B23488F0096E9EC /* Sources */,
				8E3F8F621B23488F0096E9EC /* Frameworks */,
				8E3F8F631B23488F0096E9EC /* Resources */,
			);
			buildRules = (
			);
			dependencies = (
			);
			name = Iconizer;
			productName = Iconizer;
			productReference = 8E3F8F651B23488F0096E9EC /* Iconizer.app */;
			productType = "com.apple.product-type.application";
		};
/* End PBXNativeTarget section */

/* Begin PBXProject section */
		8E3F8F5D1B23488F0096E9EC /* Project object */ = {
			isa = PBXProject;
			attributes = {
				LastUpgradeCheck = 0630;
				ORGANIZATIONNAME = "Raphael Hanneken";
				TargetAttributes = {
					8E3F8F641B23488F0096E9EC = {
						CreatedOnToolsVersion = 6.3.2;
						SystemCapabilities = {
							com.apple.Sandbox = {
								enabled = 1;
							};
						};
					};
				};
			};
			buildConfigurationList = 8E3F8F601B23488F0096E9EC /* Build configuration list for PBXProject "Iconizer" */;
			compatibilityVersion = "Xcode 3.2";
			developmentRegion = English;
			hasScannedForEncodings = 0;
			knownRegions = (
				en,
				Base,
			);
			mainGroup = 8E3F8F5C1B23488F0096E9EC;
			productRefGroup = 8E3F8F661B23488F0096E9EC /* Products */;
			projectDirPath = "";
			projectRoot = "";
			targets = (
				8E3F8F641B23488F0096E9EC /* Iconizer */,
			);
		};
/* End PBXProject section */

/* Begin PBXResourcesBuildPhase section */
		8E3F8F631B23488F0096E9EC /* Resources */ = {
			isa = PBXResourcesBuildPhase;
			buildActionMask = 2147483647;
			files = (
				8E3F8F701B23488F0096E9EC /* MainMenu.xib in Resources */,
				8E3F8F961B23744E0096E9EC /* LaunchImageView.xib in Resources */,
				8E3F8F8E1B236A5C0096E9EC /* MainWindow.xib in Resources */,
				8E3F8F891B2348E30096E9EC /* Images.xcassets in Resources */,
				8E3F8F921B2374300096E9EC /* AppIconView.xib in Resources */,
				8E3F8F9A1B23746E0096E9EC /* ImageSetView.xib in Resources */,
			);
			runOnlyForDeploymentPostprocessing = 0;
		};
/* End PBXResourcesBuildPhase section */

/* Begin PBXSourcesBuildPhase section */
		8E3F8F611B23488F0096E9EC /* Sources */ = {
			isa = PBXSourcesBuildPhase;
			buildActionMask = 2147483647;
			files = (
				8E3F8F911B2374300096E9EC /* AppIconViewController.swift in Sources */,
				8E3F8F8D1B236A5C0096E9EC /* MainWindowController.swift in Sources */,
				8E3F8F9C1B239D140096E9EC /* AppIcon.swift in Sources */,
				8E3F8F6B1B23488F0096E9EC /* AppDelegate.swift in Sources */,
				8E3F8F951B23744E0096E9EC /* LaunchImageViewController.swift in Sources */,
				8E3F8F991B23746E0096E9EC /* ImageSetViewController.swift in Sources */,
			);
			runOnlyForDeploymentPostprocessing = 0;
		};
/* End PBXSourcesBuildPhase section */

/* Begin PBXVariantGroup section */
		8E3F8F6E1B23488F0096E9EC /* MainMenu.xib */ = {
			isa = PBXVariantGroup;
			children = (
				8E3F8F6F1B23488F0096E9EC /* Base */,
			);
			name = MainMenu.xib;
			sourceTree = "<group>";
		};
/* End PBXVariantGroup section */

/* Begin XCBuildConfiguration section */
		8E3F8F7D1B23488F0096E9EC /* Debug */ = {
			isa = XCBuildConfiguration;
			buildSettings = {
				ALWAYS_SEARCH_USER_PATHS = NO;
				CLANG_CXX_LANGUAGE_STANDARD = "gnu++0x";
				CLANG_CXX_LIBRARY = "libc++";
				CLANG_ENABLE_MODULES = YES;
				CLANG_ENABLE_OBJC_ARC = YES;
				CLANG_WARN_BOOL_CONVERSION = YES;
				CLANG_WARN_CONSTANT_CONVERSION = YES;
				CLANG_WARN_DIRECT_OBJC_ISA_USAGE = YES_ERROR;
				CLANG_WARN_EMPTY_BODY = YES;
				CLANG_WARN_ENUM_CONVERSION = YES;
				CLANG_WARN_INT_CONVERSION = YES;
				CLANG_WARN_OBJC_ROOT_CLASS = YES_ERROR;
				CLANG_WARN_UNREACHABLE_CODE = YES;
				CLANG_WARN__DUPLICATE_METHOD_MATCH = YES;
				CODE_SIGN_IDENTITY = "-";
				COPY_PHASE_STRIP = NO;
				DEBUG_INFORMATION_FORMAT = dwarf;
				ENABLE_STRICT_OBJC_MSGSEND = YES;
				GCC_C_LANGUAGE_STANDARD = gnu99;
				GCC_DYNAMIC_NO_PIC = NO;
				GCC_NO_COMMON_BLOCKS = YES;
				GCC_OPTIMIZATION_LEVEL = 0;
				GCC_PREPROCESSOR_DEFINITIONS = (
					"DEBUG=1",
					"$(inherited)",
				);
				GCC_SYMBOLS_PRIVATE_EXTERN = NO;
				GCC_WARN_64_TO_32_BIT_CONVERSION = YES;
				GCC_WARN_ABOUT_RETURN_TYPE = YES_ERROR;
				GCC_WARN_UNDECLARED_SELECTOR = YES;
				GCC_WARN_UNINITIALIZED_AUTOS = YES_AGGRESSIVE;
				GCC_WARN_UNUSED_FUNCTION = YES;
				GCC_WARN_UNUSED_VARIABLE = YES;
				MACOSX_DEPLOYMENT_TARGET = 10.10;
				MTL_ENABLE_DEBUG_INFO = YES;
				ONLY_ACTIVE_ARCH = YES;
				SDKROOT = macosx;
				SWIFT_OPTIMIZATION_LEVEL = "-Onone";
			};
			name = Debug;
		};
		8E3F8F7E1B23488F0096E9EC /* Release */ = {
			isa = XCBuildConfiguration;
			buildSettings = {
				ALWAYS_SEARCH_USER_PATHS = NO;
				CLANG_CXX_LANGUAGE_STANDARD = "gnu++0x";
				CLANG_CXX_LIBRARY = "libc++";
				CLANG_ENABLE_MODULES = YES;
				CLANG_ENABLE_OBJC_ARC = YES;
				CLANG_WARN_BOOL_CONVERSION = YES;
				CLANG_WARN_CONSTANT_CONVERSION = YES;
				CLANG_WARN_DIRECT_OBJC_ISA_USAGE = YES_ERROR;
				CLANG_WARN_EMPTY_BODY = YES;
				CLANG_WARN_ENUM_CONVERSION = YES;
				CLANG_WARN_INT_CONVERSION = YES;
				CLANG_WARN_OBJC_ROOT_CLASS = YES_ERROR;
				CLANG_WARN_UNREACHABLE_CODE = YES;
				CLANG_WARN__DUPLICATE_METHOD_MATCH = YES;
				CODE_SIGN_IDENTITY = "-";
				COPY_PHASE_STRIP = NO;
				DEBUG_INFORMATION_FORMAT = "dwarf-with-dsym";
				ENABLE_NS_ASSERTIONS = NO;
				ENABLE_STRICT_OBJC_MSGSEND = YES;
				GCC_C_LANGUAGE_STANDARD = gnu99;
				GCC_NO_COMMON_BLOCKS = YES;
				GCC_WARN_64_TO_32_BIT_CONVERSION = YES;
				GCC_WARN_ABOUT_RETURN_TYPE = YES_ERROR;
				GCC_WARN_UNDECLARED_SELECTOR = YES;
				GCC_WARN_UNINITIALIZED_AUTOS = YES_AGGRESSIVE;
				GCC_WARN_UNUSED_FUNCTION = YES;
				GCC_WARN_UNUSED_VARIABLE = YES;
				MACOSX_DEPLOYMENT_TARGET = 10.10;
				MTL_ENABLE_DEBUG_INFO = NO;
				SDKROOT = macosx;
			};
			name = Release;
		};
		8E3F8F801B23488F0096E9EC /* Debug */ = {
			isa = XCBuildConfiguration;
			buildSettings = {
				ASSETCATALOG_COMPILER_APPICON_NAME = AppIcon;
				CODE_SIGN_ENTITLEMENTS = Iconizer/Iconizer.entitlements;
				COMBINE_HIDPI_IMAGES = YES;
				INFOPLIST_FILE = Iconizer/Info.plist;
				LD_RUNPATH_SEARCH_PATHS = "$(inherited) @executable_path/../Frameworks";
				PRODUCT_NAME = "$(TARGET_NAME)";
			};
			name = Debug;
		};
		8E3F8F811B23488F0096E9EC /* Release */ = {
			isa = XCBuildConfiguration;
			buildSettings = {
				ASSETCATALOG_COMPILER_APPICON_NAME = AppIcon;
				CODE_SIGN_ENTITLEMENTS = Iconizer/Iconizer.entitlements;
				COMBINE_HIDPI_IMAGES = YES;
				INFOPLIST_FILE = Iconizer/Info.plist;
				LD_RUNPATH_SEARCH_PATHS = "$(inherited) @executable_path/../Frameworks";
				PRODUCT_NAME = "$(TARGET_NAME)";
			};
			name = Release;
		};
/* End XCBuildConfiguration section */

/* Begin XCConfigurationList section */
		8E3F8F601B23488F0096E9EC /* Build configuration list for PBXProject "Iconizer" */ = {
			isa = XCConfigurationList;
			buildConfigurations = (
				8E3F8F7D1B23488F0096E9EC /* Debug */,
				8E3F8F7E1B23488F0096E9EC /* Release */,
			);
			defaultConfigurationIsVisible = 0;
			defaultConfigurationName = Release;
		};
		8E3F8F7F1B23488F0096E9EC /* Build configuration list for PBXNativeTarget "Iconizer" */ = {
			isa = XCConfigurationList;
			buildConfigurations = (
				8E3F8F801B23488F0096E9EC /* Debug */,
				8E3F8F811B23488F0096E9EC /* Release */,
			);
			defaultConfigurationIsVisible = 0;
		};
/* End XCConfigurationList section */
	};
	rootObject = 8E3F8F5D1B23488F0096E9EC /* Project object */;
}
