// !$*UTF8*$!
{
	archiveVersion = 1;
	classes = {
	};
	objectVersion = 46;
	objects = {

/* Begin PBXBuildFile section */
		61547115E26963B8850B6766 /* AppIcon_iMessage.json in Resources */ = {isa = PBXBuildFile; fileRef = 61547C662152E0FD90129D23 /* AppIcon_iMessage.json */; };
		61547374EBB2AD6A8638F823 /* ImageOrientation.swift in Sources */ = {isa = PBXBuildFile; fileRef = 6154785D298698C27CBBF9DA /* ImageOrientation.swift */; };
		615474479E1DB785FB330534 /* ImageSet.swift in Sources */ = {isa = PBXBuildFile; fileRef = 61547EBDFC6B8AAD2ABA45D0 /* ImageSet.swift */; };
		615474EBBA949D837E57B37B /* AssetSize.swift in Sources */ = {isa = PBXBuildFile; fileRef = 61547F235EFD2AB677299655 /* AssetSize.swift */; };
		6154752D9E7B4680E54B8B94 /* AppIcon.swift in Sources */ = {isa = PBXBuildFile; fileRef = 61547EC2357DBABDED490912 /* AppIcon.swift */; };
		615476129210A99C68C1529B /* AspectMode.swift in Sources */ = {isa = PBXBuildFile; fileRef = 615472CF3B9100EEC7A67F35 /* AspectMode.swift */; };
		615478BFF33EE77B113D9A2E /* iMessageIcon.swift in Sources */ = {isa = PBXBuildFile; fileRef = 6154728EE4ABE06BF6C6F01D /* iMessageIcon.swift */; };
		615479408052AD88EF3F1375 /* Platform.swift in Sources */ = {isa = PBXBuildFile; fileRef = 615470E5E6246DA215022584 /* Platform.swift */; };
		61547989812FC26FB3917DEF /* LaunchImage_iPhone_Portrait.json in Resources */ = {isa = PBXBuildFile; fileRef = 615472EBBE8EE9453E90D31B /* LaunchImage_iPhone_Portrait.json */; };
		61547B1BAB5AA958132ADCE7 /* Asset.swift in Sources */ = {isa = PBXBuildFile; fileRef = 61547491B396897B2A4F1E2D /* Asset.swift */; };
		61547B9CD09513803896420B /* AssetScale.swift in Sources */ = {isa = PBXBuildFile; fileRef = 61547BD61AE7FFB120E33CFC /* AssetScale.swift */; };
		61547F22829F35935EAA38C1 /* LaunchImage.swift in Sources */ = {isa = PBXBuildFile; fileRef = 6154771EF6D8D4122C664E15 /* LaunchImage.swift */; };
		8E2F99421C01F13600C2E2D8 /* AppIconViewController.swift in Sources */ = {isa = PBXBuildFile; fileRef = 8E2F993E1C01F13600C2E2D8 /* AppIconViewController.swift */; };
		8E2F99431C01F13600C2E2D8 /* ImageSetViewController.swift in Sources */ = {isa = PBXBuildFile; fileRef = 8E2F993F1C01F13600C2E2D8 /* ImageSetViewController.swift */; };
		8E2F99441C01F13600C2E2D8 /* LaunchImageViewController.swift in Sources */ = {isa = PBXBuildFile; fileRef = 8E2F99401C01F13600C2E2D8 /* LaunchImageViewController.swift */; };
		8E2F99451C01F13600C2E2D8 /* MainWindowController.swift in Sources */ = {isa = PBXBuildFile; fileRef = 8E2F99411C01F13600C2E2D8 /* MainWindowController.swift */; };
		8E2F994C1C01F14E00C2E2D8 /* AssetCatalog.swift in Sources */ = {isa = PBXBuildFile; fileRef = 8E2F99471C01F14E00C2E2D8 /* AssetCatalog.swift */; };
		8E2F994F1C01F14E00C2E2D8 /* PreferenceManager.swift in Sources */ = {isa = PBXBuildFile; fileRef = 8E2F994A1C01F14E00C2E2D8 /* PreferenceManager.swift */; };
		8E2F99541C01F16000C2E2D8 /* AppIconView.xib in Resources */ = {isa = PBXBuildFile; fileRef = 8E2F99501C01F16000C2E2D8 /* AppIconView.xib */; };
		8E2F99551C01F16000C2E2D8 /* ImageSetView.xib in Resources */ = {isa = PBXBuildFile; fileRef = 8E2F99511C01F16000C2E2D8 /* ImageSetView.xib */; };
		8E2F99561C01F16000C2E2D8 /* LaunchImageView.xib in Resources */ = {isa = PBXBuildFile; fileRef = 8E2F99521C01F16000C2E2D8 /* LaunchImageView.xib */; };
		8E2F99571C01F16000C2E2D8 /* MainWindow.xib in Resources */ = {isa = PBXBuildFile; fileRef = 8E2F99531C01F16000C2E2D8 /* MainWindow.xib */; };
		8E2F995A1C01F16D00C2E2D8 /* MainMenu.xib in Resources */ = {isa = PBXBuildFile; fileRef = 8E2F99581C01F16D00C2E2D8 /* MainMenu.xib */; };
		8E2F99601C01F17E00C2E2D8 /* Constants.swift in Sources */ = {isa = PBXBuildFile; fileRef = 8E2F995B1C01F17E00C2E2D8 /* Constants.swift */; };
		8E2F99611C01F17E00C2E2D8 /* ErrorTypes.swift in Sources */ = {isa = PBXBuildFile; fileRef = 8E2F995C1C01F17E00C2E2D8 /* ErrorTypes.swift */; };
		8E2F99621C01F17E00C2E2D8 /* NSImageExtensions.swift in Sources */ = {isa = PBXBuildFile; fileRef = 8E2F995D1C01F17E00C2E2D8 /* NSImageExtensions.swift */; };
		8E2F99641C01F17E00C2E2D8 /* StringExtensions.swift in Sources */ = {isa = PBXBuildFile; fileRef = 8E2F995F1C01F17E00C2E2D8 /* StringExtensions.swift */; };
		8E2F996F1C01F19400C2E2D8 /* AppIcon_Car.json in Resources */ = {isa = PBXBuildFile; fileRef = 8E2F99651C01F19400C2E2D8 /* AppIcon_Car.json */; };
		8E2F99701C01F19400C2E2D8 /* AppIcon_iPad.json in Resources */ = {isa = PBXBuildFile; fileRef = 8E2F99661C01F19400C2E2D8 /* AppIcon_iPad.json */; };
		8E2F99711C01F19400C2E2D8 /* AppIcon_iPhone.json in Resources */ = {isa = PBXBuildFile; fileRef = 8E2F99671C01F19400C2E2D8 /* AppIcon_iPhone.json */; };
		8E2F99721C01F19400C2E2D8 /* AppIcon_Mac.json in Resources */ = {isa = PBXBuildFile; fileRef = 8E2F99681C01F19400C2E2D8 /* AppIcon_Mac.json */; };
		8E2F99731C01F19400C2E2D8 /* AppIcon_Watch.json in Resources */ = {isa = PBXBuildFile; fileRef = 8E2F99691C01F19400C2E2D8 /* AppIcon_Watch.json */; };
		8E2F99741C01F19400C2E2D8 /* dsa_pub.pem in Resources */ = {isa = PBXBuildFile; fileRef = 8E2F996A1C01F19400C2E2D8 /* dsa_pub.pem */; };
		8E2F99761C01F19400C2E2D8 /* ImageSet.json in Resources */ = {isa = PBXBuildFile; fileRef = 8E2F996C1C01F19400C2E2D8 /* ImageSet.json */; };
		8E2F997F1C01F67C00C2E2D8 /* Sparkle.framework in Frameworks */ = {isa = PBXBuildFile; fileRef = 8E2F997D1C01F65E00C2E2D8 /* Sparkle.framework */; };
		8E2F99801C01F67C00C2E2D8 /* Sparkle.framework in CopyFiles */ = {isa = PBXBuildFile; fileRef = 8E2F997D1C01F65E00C2E2D8 /* Sparkle.framework */; settings = {ATTRIBUTES = (CodeSignOnCopy, RemoveHeadersOnCopy, ); }; };
		8E3F8F6B1B23488F0096E9EC /* AppDelegate.swift in Sources */ = {isa = PBXBuildFile; fileRef = 8E3F8F6A1B23488F0096E9EC /* AppDelegate.swift */; };
		8E5C00D41E0AA3260094FD0C /* DragDropImageView.swift in Sources */ = {isa = PBXBuildFile; fileRef = 8E5C00D31E0AA3260094FD0C /* DragDropImageView.swift */; };
		C52DA9731FE5BD5C0011E3C5 /* AppIcon_iOS.json in Resources */ = {isa = PBXBuildFile; fileRef = C52DA9721FE5BD5C0011E3C5 /* AppIcon_iOS.json */; };
		C554C3E91F83786700747031 /* IconizerViewControllerProtocol.swift in Sources */ = {isa = PBXBuildFile; fileRef = C554C3E81F83786700747031 /* IconizerViewControllerProtocol.swift */; };
		C57ED8BF205EB1350048B3D1 /* LaunchImage_iPad_Landscape.json in Resources */ = {isa = PBXBuildFile; fileRef = C57ED8BB205EB1340048B3D1 /* LaunchImage_iPad_Landscape.json */; };
		C57ED8C0205EB1350048B3D1 /* LaunchImage_iPhone_Landscape.json in Resources */ = {isa = PBXBuildFile; fileRef = C57ED8BC205EB1340048B3D1 /* LaunchImage_iPhone_Landscape.json */; };
		C57ED8C1205EB1350048B3D1 /* LaunchImage_iPad_Portrait.json in Resources */ = {isa = PBXBuildFile; fileRef = C57ED8BD205EB1340048B3D1 /* LaunchImage_iPad_Portrait.json */; };
		C57ED8C4205EBAF70048B3D1 /* Images.xcassets in Resources */ = {isa = PBXBuildFile; fileRef = C57ED8C3205EBAF70048B3D1 /* Images.xcassets */; };
		C58CD0AB2220ACD700D286C0 /* ViewControllerTag.swift in Sources */ = {isa = PBXBuildFile; fileRef = C58CD0AA2220ACD700D286C0 /* ViewControllerTag.swift */; };
/* End PBXBuildFile section */

/* Begin PBXCopyFilesBuildPhase section */
		8E7163831B5455CB00A031AB /* CopyFiles */ = {
			isa = PBXCopyFilesBuildPhase;
			buildActionMask = 2147483647;
			dstPath = "";
			dstSubfolderSpec = 10;
			files = (
				8E2F99801C01F67C00C2E2D8 /* Sparkle.framework in CopyFiles */,
			);
			runOnlyForDeploymentPostprocessing = 0;
		};
/* End PBXCopyFilesBuildPhase section */

/* Begin PBXFileReference section */
		615470E5E6246DA215022584 /* Platform.swift */ = {isa = PBXFileReference; fileEncoding = 4; lastKnownFileType = sourcecode.swift; path = Platform.swift; sourceTree = "<group>"; };
		6154728EE4ABE06BF6C6F01D /* iMessageIcon.swift */ = {isa = PBXFileReference; fileEncoding = 4; lastKnownFileType = sourcecode.swift; path = iMessageIcon.swift; sourceTree = "<group>"; };
		615472CF3B9100EEC7A67F35 /* AspectMode.swift */ = {isa = PBXFileReference; fileEncoding = 4; lastKnownFileType = sourcecode.swift; path = AspectMode.swift; sourceTree = "<group>"; };
		615472EBBE8EE9453E90D31B /* LaunchImage_iPhone_Portrait.json */ = {isa = PBXFileReference; fileEncoding = 4; lastKnownFileType = text.json; name = LaunchImage_iPhone_Portrait.json; path = Resources/LaunchImage_iPhone_Portrait.json; sourceTree = "<group>"; };
		61547491B396897B2A4F1E2D /* Asset.swift */ = {isa = PBXFileReference; fileEncoding = 4; lastKnownFileType = sourcecode.swift; name = Asset.swift; path = Helper/Asset.swift; sourceTree = "<group>"; };
		6154771EF6D8D4122C664E15 /* LaunchImage.swift */ = {isa = PBXFileReference; fileEncoding = 4; lastKnownFileType = sourcecode.swift; name = LaunchImage.swift; path = Models/LaunchImage.swift; sourceTree = "<group>"; };
		6154785D298698C27CBBF9DA /* ImageOrientation.swift */ = {isa = PBXFileReference; fileEncoding = 4; lastKnownFileType = sourcecode.swift; path = ImageOrientation.swift; sourceTree = "<group>"; };
		61547BD61AE7FFB120E33CFC /* AssetScale.swift */ = {isa = PBXFileReference; fileEncoding = 4; lastKnownFileType = sourcecode.swift; path = AssetScale.swift; sourceTree = "<group>"; };
		61547C662152E0FD90129D23 /* AppIcon_iMessage.json */ = {isa = PBXFileReference; fileEncoding = 4; lastKnownFileType = text.json; name = AppIcon_iMessage.json; path = Resources/AppIcon_iMessage.json; sourceTree = "<group>"; };
		61547EBDFC6B8AAD2ABA45D0 /* ImageSet.swift */ = {isa = PBXFileReference; fileEncoding = 4; lastKnownFileType = sourcecode.swift; name = ImageSet.swift; path = Models/ImageSet.swift; sourceTree = "<group>"; };
		61547EC2357DBABDED490912 /* AppIcon.swift */ = {isa = PBXFileReference; fileEncoding = 4; lastKnownFileType = sourcecode.swift; name = AppIcon.swift; path = Models/AppIcon.swift; sourceTree = "<group>"; };
		61547F235EFD2AB677299655 /* AssetSize.swift */ = {isa = PBXFileReference; fileEncoding = 4; lastKnownFileType = sourcecode.swift; path = AssetSize.swift; sourceTree = "<group>"; };
		8E2F993E1C01F13600C2E2D8 /* AppIconViewController.swift */ = {isa = PBXFileReference; fileEncoding = 4; lastKnownFileType = sourcecode.swift; name = AppIconViewController.swift; path = Controller/AppIconViewController.swift; sourceTree = "<group>"; };
		8E2F993F1C01F13600C2E2D8 /* ImageSetViewController.swift */ = {isa = PBXFileReference; fileEncoding = 4; lastKnownFileType = sourcecode.swift; name = ImageSetViewController.swift; path = Controller/ImageSetViewController.swift; sourceTree = "<group>"; };
		8E2F99401C01F13600C2E2D8 /* LaunchImageViewController.swift */ = {isa = PBXFileReference; fileEncoding = 4; lastKnownFileType = sourcecode.swift; name = LaunchImageViewController.swift; path = Controller/LaunchImageViewController.swift; sourceTree = "<group>"; };
		8E2F99411C01F13600C2E2D8 /* MainWindowController.swift */ = {isa = PBXFileReference; fileEncoding = 4; lastKnownFileType = sourcecode.swift; name = MainWindowController.swift; path = Controller/MainWindowController.swift; sourceTree = "<group>"; };
		8E2F99471C01F14E00C2E2D8 /* AssetCatalog.swift */ = {isa = PBXFileReference; fileEncoding = 4; lastKnownFileType = sourcecode.swift; name = AssetCatalog.swift; path = Models/AssetCatalog.swift; sourceTree = "<group>"; };
		8E2F994A1C01F14E00C2E2D8 /* PreferenceManager.swift */ = {isa = PBXFileReference; fileEncoding = 4; lastKnownFileType = sourcecode.swift; name = PreferenceManager.swift; path = Models/PreferenceManager.swift; sourceTree = "<group>"; };
		8E2F99501C01F16000C2E2D8 /* AppIconView.xib */ = {isa = PBXFileReference; fileEncoding = 4; lastKnownFileType = file.xib; name = AppIconView.xib; path = Views/AppIconView.xib; sourceTree = "<group>"; };
		8E2F99511C01F16000C2E2D8 /* ImageSetView.xib */ = {isa = PBXFileReference; fileEncoding = 4; lastKnownFileType = file.xib; name = ImageSetView.xib; path = Views/ImageSetView.xib; sourceTree = "<group>"; };
		8E2F99521C01F16000C2E2D8 /* LaunchImageView.xib */ = {isa = PBXFileReference; fileEncoding = 4; lastKnownFileType = file.xib; name = LaunchImageView.xib; path = Views/LaunchImageView.xib; sourceTree = "<group>"; };
		8E2F99531C01F16000C2E2D8 /* MainWindow.xib */ = {isa = PBXFileReference; fileEncoding = 4; lastKnownFileType = file.xib; name = MainWindow.xib; path = Views/MainWindow.xib; sourceTree = "<group>"; };
		8E2F99591C01F16D00C2E2D8 /* Base */ = {isa = PBXFileReference; lastKnownFileType = file.xib; name = Base; path = Views/Base.lproj/MainMenu.xib; sourceTree = "<group>"; };
		8E2F995B1C01F17E00C2E2D8 /* Constants.swift */ = {isa = PBXFileReference; fileEncoding = 4; lastKnownFileType = sourcecode.swift; name = Constants.swift; path = Iconizer/Helper/Constants.swift; sourceTree = "<group>"; };
		8E2F995C1C01F17E00C2E2D8 /* ErrorTypes.swift */ = {isa = PBXFileReference; fileEncoding = 4; lastKnownFileType = sourcecode.swift; name = ErrorTypes.swift; path = Iconizer/Helper/ErrorTypes.swift; sourceTree = "<group>"; };
		8E2F995D1C01F17E00C2E2D8 /* NSImageExtensions.swift */ = {isa = PBXFileReference; fileEncoding = 4; lastKnownFileType = sourcecode.swift; name = NSImageExtensions.swift; path = Iconizer/Helper/NSImageExtensions.swift; sourceTree = "<group>"; };
		8E2F995F1C01F17E00C2E2D8 /* StringExtensions.swift */ = {isa = PBXFileReference; fileEncoding = 4; lastKnownFileType = sourcecode.swift; name = StringExtensions.swift; path = Iconizer/Helper/StringExtensions.swift; sourceTree = "<group>"; };
		8E2F99651C01F19400C2E2D8 /* AppIcon_Car.json */ = {isa = PBXFileReference; fileEncoding = 4; lastKnownFileType = text.json; name = AppIcon_Car.json; path = Resources/AppIcon_Car.json; sourceTree = "<group>"; };
		8E2F99661C01F19400C2E2D8 /* AppIcon_iPad.json */ = {isa = PBXFileReference; fileEncoding = 4; lastKnownFileType = text.json; name = AppIcon_iPad.json; path = Resources/AppIcon_iPad.json; sourceTree = "<group>"; };
		8E2F99671C01F19400C2E2D8 /* AppIcon_iPhone.json */ = {isa = PBXFileReference; fileEncoding = 4; lastKnownFileType = text.json; name = AppIcon_iPhone.json; path = Resources/AppIcon_iPhone.json; sourceTree = "<group>"; };
		8E2F99681C01F19400C2E2D8 /* AppIcon_Mac.json */ = {isa = PBXFileReference; fileEncoding = 4; lastKnownFileType = text.json; name = AppIcon_Mac.json; path = Resources/AppIcon_Mac.json; sourceTree = "<group>"; };
		8E2F99691C01F19400C2E2D8 /* AppIcon_Watch.json */ = {isa = PBXFileReference; fileEncoding = 4; lastKnownFileType = text.json; name = AppIcon_Watch.json; path = Resources/AppIcon_Watch.json; sourceTree = "<group>"; };
		8E2F996A1C01F19400C2E2D8 /* dsa_pub.pem */ = {isa = PBXFileReference; fileEncoding = 4; lastKnownFileType = text; name = dsa_pub.pem; path = Resources/dsa_pub.pem; sourceTree = "<group>"; };
		8E2F996C1C01F19400C2E2D8 /* ImageSet.json */ = {isa = PBXFileReference; fileEncoding = 4; lastKnownFileType = text.json; name = ImageSet.json; path = Resources/ImageSet.json; sourceTree = "<group>"; };
		8E2F997D1C01F65E00C2E2D8 /* Sparkle.framework */ = {isa = PBXFileReference; lastKnownFileType = wrapper.framework; name = Sparkle.framework; path = Carthage/Build/Mac/Sparkle.framework; sourceTree = "<group>"; };
		8E3F8F651B23488F0096E9EC /* Iconizer.app */ = {isa = PBXFileReference; explicitFileType = wrapper.application; includeInIndex = 0; path = Iconizer.app; sourceTree = BUILT_PRODUCTS_DIR; };
		8E3F8F691B23488F0096E9EC /* Info.plist */ = {isa = PBXFileReference; lastKnownFileType = text.plist.xml; path = Info.plist; sourceTree = "<group>"; };
		8E3F8F6A1B23488F0096E9EC /* AppDelegate.swift */ = {isa = PBXFileReference; lastKnownFileType = sourcecode.swift; path = AppDelegate.swift; sourceTree = "<group>"; };
		8E5C00D31E0AA3260094FD0C /* DragDropImageView.swift */ = {isa = PBXFileReference; fileEncoding = 4; lastKnownFileType = sourcecode.swift; name = DragDropImageView.swift; path = Iconizer/Helper/DragDropImageView.swift; sourceTree = "<group>"; };
		C52DA9721FE5BD5C0011E3C5 /* AppIcon_iOS.json */ = {isa = PBXFileReference; fileEncoding = 4; lastKnownFileType = text.json; name = AppIcon_iOS.json; path = Resources/AppIcon_iOS.json; sourceTree = "<group>"; };
		C554C3E81F83786700747031 /* IconizerViewControllerProtocol.swift */ = {isa = PBXFileReference; fileEncoding = 4; lastKnownFileType = sourcecode.swift; name = IconizerViewControllerProtocol.swift; path = Controller/IconizerViewControllerProtocol.swift; sourceTree = "<group>"; };
		C57ED8BB205EB1340048B3D1 /* LaunchImage_iPad_Landscape.json */ = {isa = PBXFileReference; fileEncoding = 4; lastKnownFileType = text.json; name = LaunchImage_iPad_Landscape.json; path = Resources/LaunchImage_iPad_Landscape.json; sourceTree = "<group>"; };
		C57ED8BC205EB1340048B3D1 /* LaunchImage_iPhone_Landscape.json */ = {isa = PBXFileReference; fileEncoding = 4; lastKnownFileType = text.json; name = LaunchImage_iPhone_Landscape.json; path = Resources/LaunchImage_iPhone_Landscape.json; sourceTree = "<group>"; };
		C57ED8BD205EB1340048B3D1 /* LaunchImage_iPad_Portrait.json */ = {isa = PBXFileReference; fileEncoding = 4; lastKnownFileType = text.json; name = LaunchImage_iPad_Portrait.json; path = Resources/LaunchImage_iPad_Portrait.json; sourceTree = "<group>"; };
		C57ED8C3205EBAF70048B3D1 /* Images.xcassets */ = {isa = PBXFileReference; lastKnownFileType = folder.assetcatalog; name = Images.xcassets; path = Resources/Images.xcassets; sourceTree = "<group>"; };
		C58CD0AA2220ACD700D286C0 /* ViewControllerTag.swift */ = {isa = PBXFileReference; lastKnownFileType = sourcecode.swift; name = ViewControllerTag.swift; path = Iconizer/Helper/ViewControllerTag.swift; sourceTree = "<group>"; };
/* End PBXFileReference section */

/* Begin PBXFrameworksBuildPhase section */
		8E3F8F621B23488F0096E9EC /* Frameworks */ = {
			isa = PBXFrameworksBuildPhase;
			buildActionMask = 2147483647;
			files = (
				8E2F997F1C01F67C00C2E2D8 /* Sparkle.framework in Frameworks */,
			);
			runOnlyForDeploymentPostprocessing = 0;
		};
/* End PBXFrameworksBuildPhase section */

/* Begin PBXGroup section */
		615475D57726B691A06CA76C /* Asset */ = {
			isa = PBXGroup;
			children = (
				6154771EF6D8D4122C664E15 /* LaunchImage.swift */,
				61547EC2357DBABDED490912 /* AppIcon.swift */,
				61547EBDFC6B8AAD2ABA45D0 /* ImageSet.swift */,
				61547491B396897B2A4F1E2D /* Asset.swift */,
				6154728EE4ABE06BF6C6F01D /* iMessageIcon.swift */,
			);
			name = Asset;
			sourceTree = "<group>";
		};
		615478E5B6D62E43DD5EEF11 /* Asset */ = {
			isa = PBXGroup;
			children = (
				6154785D298698C27CBBF9DA /* ImageOrientation.swift */,
				615472CF3B9100EEC7A67F35 /* AspectMode.swift */,
				615470E5E6246DA215022584 /* Platform.swift */,
				61547BD61AE7FFB120E33CFC /* AssetScale.swift */,
				61547F235EFD2AB677299655 /* AssetSize.swift */,
			);
			path = Asset;
			sourceTree = "<group>";
		};
		8E3F8F5C1B23488F0096E9EC = {
			isa = PBXGroup;
			children = (
				8E3F8F671B23488F0096E9EC /* Iconizer */,
				8EBD6F4B1B5449CF0062D62C /* Frameworks */,
				8E3F8F661B23488F0096E9EC /* Products */,
			);
			indentWidth = 4;
			sourceTree = "<group>";
			tabWidth = 4;
		};
		8E3F8F661B23488F0096E9EC /* Products */ = {
			isa = PBXGroup;
			children = (
				8E3F8F651B23488F0096E9EC /* Iconizer.app */,
			);
			name = Products;
			sourceTree = "<group>";
		};
		8E3F8F671B23488F0096E9EC /* Iconizer */ = {
			isa = PBXGroup;
			children = (
				8E3F8F6A1B23488F0096E9EC /* AppDelegate.swift */,
				8E3F8F861B2348A10096E9EC /* Controller */,
				8E3F8F871B2348A80096E9EC /* Model */,
				8E3F8F851B2348980096E9EC /* View */,
				8E3F8F9D1B23ACC20096E9EC /* Helper */,
				8E3F8F681B23488F0096E9EC /* Supporting Files */,
			);
			path = Iconizer;
			sourceTree = "<group>";
		};
		8E3F8F681B23488F0096E9EC /* Supporting Files */ = {
			isa = PBXGroup;
			children = (
				C57ED8C3205EBAF70048B3D1 /* Images.xcassets */,
				8E2F996A1C01F19400C2E2D8 /* dsa_pub.pem */,
				8E2F99651C01F19400C2E2D8 /* AppIcon_Car.json */,
				8E2F99661C01F19400C2E2D8 /* AppIcon_iPad.json */,
				8E2F99671C01F19400C2E2D8 /* AppIcon_iPhone.json */,
				8E2F99681C01F19400C2E2D8 /* AppIcon_Mac.json */,
				8E2F99691C01F19400C2E2D8 /* AppIcon_Watch.json */,
				C52DA9721FE5BD5C0011E3C5 /* AppIcon_iOS.json */,
				8E2F996C1C01F19400C2E2D8 /* ImageSet.json */,
				C57ED8BB205EB1340048B3D1 /* LaunchImage_iPad_Landscape.json */,
				C57ED8BC205EB1340048B3D1 /* LaunchImage_iPhone_Landscape.json */,
				C57ED8BD205EB1340048B3D1 /* LaunchImage_iPad_Portrait.json */,
				8E3F8F691B23488F0096E9EC /* Info.plist */,
				615472EBBE8EE9453E90D31B /* LaunchImage_iPhone_Portrait.json */,
				61547C662152E0FD90129D23 /* AppIcon_iMessage.json */,
			);
			name = "Supporting Files";
			sourceTree = "<group>";
		};
		8E3F8F851B2348980096E9EC /* View */ = {
			isa = PBXGroup;
			children = (
				8E2F99581C01F16D00C2E2D8 /* MainMenu.xib */,
				8E2F99501C01F16000C2E2D8 /* AppIconView.xib */,
				8E2F99511C01F16000C2E2D8 /* ImageSetView.xib */,
				8E2F99521C01F16000C2E2D8 /* LaunchImageView.xib */,
				8E2F99531C01F16000C2E2D8 /* MainWindow.xib */,
			);
			name = View;
			sourceTree = "<group>";
		};
		8E3F8F861B2348A10096E9EC /* Controller */ = {
			isa = PBXGroup;
			children = (
				C554C3E81F83786700747031 /* IconizerViewControllerProtocol.swift */,
				8E2F99411C01F13600C2E2D8 /* MainWindowController.swift */,
				8E2F993E1C01F13600C2E2D8 /* AppIconViewController.swift */,
				8E2F99401C01F13600C2E2D8 /* LaunchImageViewController.swift */,
				8E2F993F1C01F13600C2E2D8 /* ImageSetViewController.swift */,
			);
			name = Controller;
			sourceTree = "<group>";
		};
		8E3F8F871B2348A80096E9EC /* Model */ = {
			isa = PBXGroup;
			children = (
				8E2F99471C01F14E00C2E2D8 /* AssetCatalog.swift */,
				8E2F994A1C01F14E00C2E2D8 /* PreferenceManager.swift */,
				615475D57726B691A06CA76C /* Asset */,
			);
			name = Model;
			sourceTree = "<group>";
		};
		8E3F8F9D1B23ACC20096E9EC /* Helper */ = {
			isa = PBXGroup;
			children = (
				8E2F995B1C01F17E00C2E2D8 /* Constants.swift */,
				8E2F995C1C01F17E00C2E2D8 /* ErrorTypes.swift */,
				8E5C00D31E0AA3260094FD0C /* DragDropImageView.swift */,
				8E2F995D1C01F17E00C2E2D8 /* NSImageExtensions.swift */,
				8E2F995F1C01F17E00C2E2D8 /* StringExtensions.swift */,
				C58CD0AA2220ACD700D286C0 /* ViewControllerTag.swift */,
				615478E5B6D62E43DD5EEF11 /* Asset */,
			);
			name = Helper;
			path = ..;
			sourceTree = "<group>";
		};
		8EBD6F4B1B5449CF0062D62C /* Frameworks */ = {
			isa = PBXGroup;
			children = (
				8E2F997D1C01F65E00C2E2D8 /* Sparkle.framework */,
			);
			name = Frameworks;
			path = Iconizer;
			sourceTree = "<group>";
		};
/* End PBXGroup section */

/* Begin PBXNativeTarget section */
		8E3F8F641B23488F0096E9EC /* Iconizer */ = {
			isa = PBXNativeTarget;
			buildConfigurationList = 8E3F8F7F1B23488F0096E9EC /* Build configuration list for PBXNativeTarget "Iconizer" */;
			buildPhases = (
				8E3F8F611B23488F0096E9EC /* Sources */,
				8E3F8F621B23488F0096E9EC /* Frameworks */,
				8E3F8F631B23488F0096E9EC /* Resources */,
				8E7163831B5455CB00A031AB /* CopyFiles */,
				8E217D3C1CA2F77D000D344E /* ShellScript */,
			);
			buildRules = (
			);
			dependencies = (
			);
			name = Iconizer;
			productName = Iconizer;
			productReference = 8E3F8F651B23488F0096E9EC /* Iconizer.app */;
			productType = "com.apple.product-type.application";
		};
/* End PBXNativeTarget section */

/* Begin PBXProject section */
		8E3F8F5D1B23488F0096E9EC /* Project object */ = {
			isa = PBXProject;
			attributes = {
				LastSwiftMigration = 0700;
				LastSwiftUpdateCheck = 0700;
				LastUpgradeCheck = 1220;
				ORGANIZATIONNAME = "Raphael Hanneken";
				TargetAttributes = {
					8E3F8F641B23488F0096E9EC = {
						CreatedOnToolsVersion = 6.3.2;
						LastSwiftMigration = 1020;
						SystemCapabilities = {
							com.apple.Sandbox = {
								enabled = 0;
							};
						};
					};
				};
			};
			buildConfigurationList = 8E3F8F601B23488F0096E9EC /* Build configuration list for PBXProject "Iconizer" */;
			compatibilityVersion = "Xcode 3.2";
			developmentRegion = en;
			hasScannedForEncodings = 0;
			knownRegions = (
				en,
				Base,
			);
			mainGroup = 8E3F8F5C1B23488F0096E9EC;
			productRefGroup = 8E3F8F661B23488F0096E9EC /* Products */;
			projectDirPath = "";
			projectRoot = "";
			targets = (
				8E3F8F641B23488F0096E9EC /* Iconizer */,
			);
		};
/* End PBXProject section */

/* Begin PBXResourcesBuildPhase section */
		8E3F8F631B23488F0096E9EC /* Resources */ = {
			isa = PBXResourcesBuildPhase;
			buildActionMask = 2147483647;
			files = (
				8E2F995A1C01F16D00C2E2D8 /* MainMenu.xib in Resources */,
				8E2F99571C01F16000C2E2D8 /* MainWindow.xib in Resources */,
				8E2F99551C01F16000C2E2D8 /* ImageSetView.xib in Resources */,
				8E2F99541C01F16000C2E2D8 /* AppIconView.xib in Resources */,
				8E2F99561C01F16000C2E2D8 /* LaunchImageView.xib in Resources */,
				8E2F99741C01F19400C2E2D8 /* dsa_pub.pem in Resources */,
				8E2F99721C01F19400C2E2D8 /* AppIcon_Mac.json in Resources */,
				8E2F996F1C01F19400C2E2D8 /* AppIcon_Car.json in Resources */,
				C57ED8C1205EB1350048B3D1 /* LaunchImage_iPad_Portrait.json in Resources */,
				C57ED8C4205EBAF70048B3D1 /* Images.xcassets in Resources */,
				C57ED8C0205EB1350048B3D1 /* LaunchImage_iPhone_Landscape.json in Resources */,
				8E2F99711C01F19400C2E2D8 /* AppIcon_iPhone.json in Resources */,
				8E2F99701C01F19400C2E2D8 /* AppIcon_iPad.json in Resources */,
				C57ED8BF205EB1350048B3D1 /* LaunchImage_iPad_Landscape.json in Resources */,
				8E2F99731C01F19400C2E2D8 /* AppIcon_Watch.json in Resources */,
				C52DA9731FE5BD5C0011E3C5 /* AppIcon_iOS.json in Resources */,
				8E2F99761C01F19400C2E2D8 /* ImageSet.json in Resources */,
				61547989812FC26FB3917DEF /* LaunchImage_iPhone_Portrait.json in Resources */,
				61547115E26963B8850B6766 /* AppIcon_iMessage.json in Resources */,
			);
			runOnlyForDeploymentPostprocessing = 0;
		};
/* End PBXResourcesBuildPhase section */

/* Begin PBXShellScriptBuildPhase section */
		8E217D3C1CA2F77D000D344E /* ShellScript */ = {
			isa = PBXShellScriptBuildPhase;
			buildActionMask = 2147483647;
			files = (
			);
			inputPaths = (
			);
			outputPaths = (
			);
			runOnlyForDeploymentPostprocessing = 0;
			shellPath = /bin/sh;
			shellScript = "if which swiftlint >/dev/null; then\n    swiftlint autocorrect\n    swiftlint\nelse\n    echo \"Warning: SwiftLint not installed, download from https://github.com/realm/SwiftLint\"\nfi";
		};
/* End PBXShellScriptBuildPhase section */

/* Begin PBXSourcesBuildPhase section */
		8E3F8F611B23488F0096E9EC /* Sources */ = {
			isa = PBXSourcesBuildPhase;
			buildActionMask = 2147483647;
			files = (
				8E2F99601C01F17E00C2E2D8 /* Constants.swift in Sources */,
				C554C3E91F83786700747031 /* IconizerViewControllerProtocol.swift in Sources */,
				8E5C00D41E0AA3260094FD0C /* DragDropImageView.swift in Sources */,
				8E2F99431C01F13600C2E2D8 /* ImageSetViewController.swift in Sources */,
				8E2F99451C01F13600C2E2D8 /* MainWindowController.swift in Sources */,
				8E2F99441C01F13600C2E2D8 /* LaunchImageViewController.swift in Sources */,
				8E3F8F6B1B23488F0096E9EC /* AppDelegate.swift in Sources */,
				8E2F99621C01F17E00C2E2D8 /* NSImageExtensions.swift in Sources */,
				8E2F994F1C01F14E00C2E2D8 /* PreferenceManager.swift in Sources */,
				8E2F994C1C01F14E00C2E2D8 /* AssetCatalog.swift in Sources */,
				8E2F99421C01F13600C2E2D8 /* AppIconViewController.swift in Sources */,
				8E2F99641C01F17E00C2E2D8 /* StringExtensions.swift in Sources */,
				8E2F99611C01F17E00C2E2D8 /* ErrorTypes.swift in Sources */,
				C58CD0AB2220ACD700D286C0 /* ViewControllerTag.swift in Sources */,
				61547F22829F35935EAA38C1 /* LaunchImage.swift in Sources */,
				6154752D9E7B4680E54B8B94 /* AppIcon.swift in Sources */,
				615474479E1DB785FB330534 /* ImageSet.swift in Sources */,
				61547B1BAB5AA958132ADCE7 /* Asset.swift in Sources */,
				615478BFF33EE77B113D9A2E /* iMessageIcon.swift in Sources */,
				61547374EBB2AD6A8638F823 /* ImageOrientation.swift in Sources */,
				615476129210A99C68C1529B /* AspectMode.swift in Sources */,
				615479408052AD88EF3F1375 /* Platform.swift in Sources */,
				61547B9CD09513803896420B /* AssetScale.swift in Sources */,
				615474EBBA949D837E57B37B /* AssetSize.swift in Sources */,
			);
			runOnlyForDeploymentPostprocessing = 0;
		};
/* End PBXSourcesBuildPhase section */

/* Begin PBXVariantGroup section */
		8E2F99581C01F16D00C2E2D8 /* MainMenu.xib */ = {
			isa = PBXVariantGroup;
			children = (
				8E2F99591C01F16D00C2E2D8 /* Base */,
			);
			name = MainMenu.xib;
			sourceTree = "<group>";
		};
/* End PBXVariantGroup section */

/* Begin XCBuildConfiguration section */
		8E3F8F7D1B23488F0096E9EC /* Debug */ = {
			isa = XCBuildConfiguration;
			buildSettings = {
				ALWAYS_SEARCH_USER_PATHS = NO;
				CLANG_ANALYZER_LOCALIZABILITY_NONLOCALIZED = YES;
				CLANG_CXX_LANGUAGE_STANDARD = "gnu++0x";
				CLANG_CXX_LIBRARY = "libc++";
				CLANG_ENABLE_MODULES = YES;
				CLANG_ENABLE_OBJC_ARC = YES;
				CLANG_WARN_BLOCK_CAPTURE_AUTORELEASING = YES;
				CLANG_WARN_BOOL_CONVERSION = YES;
				CLANG_WARN_COMMA = YES;
				CLANG_WARN_CONSTANT_CONVERSION = YES;
				CLANG_WARN_DEPRECATED_OBJC_IMPLEMENTATIONS = YES;
				CLANG_WARN_DIRECT_OBJC_ISA_USAGE = YES_ERROR;
				CLANG_WARN_EMPTY_BODY = YES;
				CLANG_WARN_ENUM_CONVERSION = YES;
				CLANG_WARN_INFINITE_RECURSION = YES;
				CLANG_WARN_INT_CONVERSION = YES;
				CLANG_WARN_NON_LITERAL_NULL_CONVERSION = YES;
				CLANG_WARN_OBJC_IMPLICIT_RETAIN_SELF = YES;
				CLANG_WARN_OBJC_LITERAL_CONVERSION = YES;
				CLANG_WARN_OBJC_ROOT_CLASS = YES_ERROR;
				CLANG_WARN_QUOTED_INCLUDE_IN_FRAMEWORK_HEADER = YES;
				CLANG_WARN_RANGE_LOOP_ANALYSIS = YES;
				CLANG_WARN_STRICT_PROTOTYPES = YES;
				CLANG_WARN_SUSPICIOUS_MOVE = YES;
				CLANG_WARN_UNREACHABLE_CODE = YES;
				CLANG_WARN__DUPLICATE_METHOD_MATCH = YES;
				CODE_SIGN_IDENTITY = "";
				COPY_PHASE_STRIP = NO;
				DEBUG_INFORMATION_FORMAT = dwarf;
				ENABLE_STRICT_OBJC_MSGSEND = YES;
				ENABLE_TESTABILITY = YES;
				GCC_C_LANGUAGE_STANDARD = gnu99;
				GCC_DYNAMIC_NO_PIC = NO;
				GCC_NO_COMMON_BLOCKS = YES;
				GCC_OPTIMIZATION_LEVEL = 0;
				GCC_PREPROCESSOR_DEFINITIONS = (
					"DEBUG=1",
					"$(inherited)",
				);
				GCC_SYMBOLS_PRIVATE_EXTERN = NO;
				GCC_WARN_64_TO_32_BIT_CONVERSION = YES;
				GCC_WARN_ABOUT_RETURN_TYPE = YES_ERROR;
				GCC_WARN_UNDECLARED_SELECTOR = YES;
				GCC_WARN_UNINITIALIZED_AUTOS = YES_AGGRESSIVE;
				GCC_WARN_UNUSED_FUNCTION = YES;
				GCC_WARN_UNUSED_VARIABLE = YES;
				MACOSX_DEPLOYMENT_TARGET = 10.10;
				MTL_ENABLE_DEBUG_INFO = YES;
				ONLY_ACTIVE_ARCH = YES;
				SDKROOT = macosx;
				SWIFT_OPTIMIZATION_LEVEL = "-Onone";
				SWIFT_VERSION = 3.0;
			};
			name = Debug;
		};
		8E3F8F7E1B23488F0096E9EC /* Release */ = {
			isa = XCBuildConfiguration;
			buildSettings = {
				ALWAYS_SEARCH_USER_PATHS = NO;
				CLANG_ANALYZER_LOCALIZABILITY_NONLOCALIZED = YES;
				CLANG_CXX_LANGUAGE_STANDARD = "gnu++0x";
				CLANG_CXX_LIBRARY = "libc++";
				CLANG_ENABLE_MODULES = YES;
				CLANG_ENABLE_OBJC_ARC = YES;
				CLANG_WARN_BLOCK_CAPTURE_AUTORELEASING = YES;
				CLANG_WARN_BOOL_CONVERSION = YES;
				CLANG_WARN_COMMA = YES;
				CLANG_WARN_CONSTANT_CONVERSION = YES;
				CLANG_WARN_DEPRECATED_OBJC_IMPLEMENTATIONS = YES;
				CLANG_WARN_DIRECT_OBJC_ISA_USAGE = YES_ERROR;
				CLANG_WARN_EMPTY_BODY = YES;
				CLANG_WARN_ENUM_CONVERSION = YES;
				CLANG_WARN_INFINITE_RECURSION = YES;
				CLANG_WARN_INT_CONVERSION = YES;
				CLANG_WARN_NON_LITERAL_NULL_CONVERSION = YES;
				CLANG_WARN_OBJC_IMPLICIT_RETAIN_SELF = YES;
				CLANG_WARN_OBJC_LITERAL_CONVERSION = YES;
				CLANG_WARN_OBJC_ROOT_CLASS = YES_ERROR;
				CLANG_WARN_QUOTED_INCLUDE_IN_FRAMEWORK_HEADER = YES;
				CLANG_WARN_RANGE_LOOP_ANALYSIS = YES;
				CLANG_WARN_STRICT_PROTOTYPES = YES;
				CLANG_WARN_SUSPICIOUS_MOVE = YES;
				CLANG_WARN_UNREACHABLE_CODE = YES;
				CLANG_WARN__DUPLICATE_METHOD_MATCH = YES;
				CODE_SIGN_IDENTITY = "";
				COPY_PHASE_STRIP = NO;
				DEBUG_INFORMATION_FORMAT = "dwarf-with-dsym";
				ENABLE_NS_ASSERTIONS = NO;
				ENABLE_STRICT_OBJC_MSGSEND = YES;
				GCC_C_LANGUAGE_STANDARD = gnu99;
				GCC_NO_COMMON_BLOCKS = YES;
				GCC_OPTIMIZATION_LEVEL = fast;
				GCC_WARN_64_TO_32_BIT_CONVERSION = YES;
				GCC_WARN_ABOUT_RETURN_TYPE = YES_ERROR;
				GCC_WARN_UNDECLARED_SELECTOR = YES;
				GCC_WARN_UNINITIALIZED_AUTOS = YES_AGGRESSIVE;
				GCC_WARN_UNUSED_FUNCTION = YES;
				GCC_WARN_UNUSED_VARIABLE = YES;
				MACOSX_DEPLOYMENT_TARGET = 10.10;
				MTL_ENABLE_DEBUG_INFO = NO;
				SDKROOT = macosx;
				SWIFT_OPTIMIZATION_LEVEL = "-Owholemodule";
				SWIFT_VERSION = 3.0;
			};
			name = Release;
		};
		8E3F8F801B23488F0096E9EC /* Debug */ = {
			isa = XCBuildConfiguration;
			buildSettings = {
				ASSETCATALOG_COMPILER_APPICON_NAME = Iconizer;
				COMBINE_HIDPI_IMAGES = YES;
				CURRENT_PROJECT_VERSION = 311;
				FRAMEWORK_SEARCH_PATHS = (
					"$(inherited)",
					"$(PROJECT_DIR)/Iconizer",
					"$(PROJECT_DIR)/Iconizer/Carthage/Build/Mac",
				);
				INFOPLIST_FILE = Iconizer/Info.plist;
				LD_RUNPATH_SEARCH_PATHS = "$(inherited) @executable_path/../Frameworks";
				MACOSX_DEPLOYMENT_TARGET = 10.10;
				MARKETING_VERSION = 2020.11;
				OTHER_LDFLAGS = "-Wl,-rpath,@loader_path/../Frameworks";
				PRODUCT_BUNDLE_IDENTIFIER = io.raphaelhanneken.iconizer;
				PRODUCT_NAME = "$(TARGET_NAME)";
				SWIFT_VERSION = 5.0;
			};
			name = Debug;
		};
		8E3F8F811B23488F0096E9EC /* Release */ = {
			isa = XCBuildConfiguration;
			buildSettings = {
				ASSETCATALOG_COMPILER_APPICON_NAME = Iconizer;
				COMBINE_HIDPI_IMAGES = YES;
				CURRENT_PROJECT_VERSION = 311;
				FRAMEWORK_SEARCH_PATHS = (
					"$(inherited)",
					"$(PROJECT_DIR)/Iconizer",
					"$(PROJECT_DIR)/Iconizer/Carthage/Build/Mac",
				);
				INFOPLIST_FILE = Iconizer/Info.plist;
				LD_RUNPATH_SEARCH_PATHS = "$(inherited) @executable_path/../Frameworks";
				MACOSX_DEPLOYMENT_TARGET = 10.10;
				MARKETING_VERSION = 2020.11;
				OTHER_LDFLAGS = "-Wl,-rpath,@loader_path/../Frameworks";
				PRODUCT_BUNDLE_IDENTIFIER = io.raphaelhanneken.iconizer;
				PRODUCT_NAME = "$(TARGET_NAME)";
				SWIFT_OPTIMIZATION_LEVEL = "-Owholemodule";
				SWIFT_VERSION = 5.0;
			};
			name = Release;
		};
/* End XCBuildConfiguration section */

/* Begin XCConfigurationList section */
		8E3F8F601B23488F0096E9EC /* Build configuration list for PBXProject "Iconizer" */ = {
			isa = XCConfigurationList;
			buildConfigurations = (
				8E3F8F7D1B23488F0096E9EC /* Debug */,
				8E3F8F7E1B23488F0096E9EC /* Release */,
			);
			defaultConfigurationIsVisible = 0;
			defaultConfigurationName = Release;
		};
		8E3F8F7F1B23488F0096E9EC /* Build configuration list for PBXNativeTarget "Iconizer" */ = {
			isa = XCConfigurationList;
			buildConfigurations = (
				8E3F8F801B23488F0096E9EC /* Debug */,
				8E3F8F811B23488F0096E9EC /* Release */,
			);
			defaultConfigurationIsVisible = 0;
			defaultConfigurationName = Release;
		};
/* End XCConfigurationList section */
	};
	rootObject = 8E3F8F5D1B23488F0096E9EC /* Project object */;
}
